
Microsoft Visual Studio Solution File, Format Version 12.00
# Visual Studio Version 16
VisualStudioVersion = 16.0.30804.86
MinimumVisualStudioVersion = 15.0.26124.0
Project("{FAE04EC0-301F-11D3-BF4B-00C04F79EFBC}") = "XylyicXenonXamarin.Android", "XylyicXenonXamarin\XylyicXenonXamarin.Android\XylyicXenonXamarin.Android.csproj", "{E9DF2A6C-546B-4CA1-89FD-A1C2EBEF30BF}"
EndProject
Project("{FAE04EC0-301F-11D3-BF4B-00C04F79EFBC}") = "XylyicXenonXamarin.iOS", "XylyicXenonXamarin\XylyicXenonXamarin.iOS\XylyicXenonXamarin.iOS.csproj", "{213CA932-055F-4FBF-82A1-34F7A0E3A786}"
EndProject
Project("{FAE04EC0-301F-11D3-BF4B-00C04F79EFBC}") = "XylyicXenonXamarin", "XylyicXenonXamarin\XylyicXenonXamarin\XylyicXenonXamarin.csproj", "{A6E98A14-2BE8-434D-8EA0-CB49183B1DC0}"
EndProject
Global
	GlobalSection(SolutionConfigurationPlatforms) = preSolution
		Debug|Any CPU = Debug|Any CPU
		Debug|iPhone = Debug|iPhone
		Debug|iPhoneSimulator = Debug|iPhoneSimulator
		Debug|x64 = Debug|x64
		Debug|x86 = Debug|x86
		Release|Any CPU = Release|Any CPU
		Release|iPhone = Release|iPhone
		Release|iPhoneSimulator = Release|iPhoneSimulator
		Release|x64 = Release|x64
		Release|x86 = Release|x86
	EndGlobalSection
	GlobalSection(ProjectConfigurationPlatforms) = postSolution
		{E9DF2A6C-546B-4CA1-89FD-A1C2EBEF30BF}.Debug|Any CPU.ActiveCfg = Debug|Any CPU
		{E9DF2A6C-546B-4CA1-89FD-A1C2EBEF30BF}.Debug|Any CPU.Build.0 = Debug|Any CPU
		{E9DF2A6C-546B-4CA1-89FD-A1C2EBEF30BF}.Debug|Any CPU.Deploy.0 = Debug|Any CPU
		{E9DF2A6C-546B-4CA1-89FD-A1C2EBEF30BF}.Debug|iPhone.ActiveCfg = Debug|Any CPU
		{E9DF2A6C-546B-4CA1-89FD-A1C2EBEF30BF}.Debug|iPhone.Build.0 = Debug|Any CPU
		{E9DF2A6C-546B-4CA1-89FD-A1C2EBEF30BF}.Debug|iPhone.Deploy.0 = Debug|Any CPU
		{E9DF2A6C-546B-4CA1-89FD-A1C2EBEF30BF}.Debug|iPhoneSimulator.ActiveCfg = Debug|Any CPU
		{E9DF2A6C-546B-4CA1-89FD-A1C2EBEF30BF}.Debug|iPhoneSimulator.Build.0 = Debug|Any CPU
		{E9DF2A6C-546B-4CA1-89FD-A1C2EBEF30BF}.Debug|iPhoneSimulator.Deploy.0 = Debug|Any CPU
		{E9DF2A6C-546B-4CA1-89FD-A1C2EBEF30BF}.Debug|x64.ActiveCfg = Debug|Any CPU
		{E9DF2A6C-546B-4CA1-89FD-A1C2EBEF30BF}.Debug|x64.Build.0 = Debug|Any CPU
		{E9DF2A6C-546B-4CA1-89FD-A1C2EBEF30BF}.Debug|x64.Deploy.0 = Debug|Any CPU
		{E9DF2A6C-546B-4CA1-89FD-A1C2EBEF30BF}.Debug|x86.ActiveCfg = Debug|Any CPU
		{E9DF2A6C-546B-4CA1-89FD-A1C2EBEF30BF}.Debug|x86.Build.0 = Debug|Any CPU
		{E9DF2A6C-546B-4CA1-89FD-A1C2EBEF30BF}.Debug|x86.Deploy.0 = Debug|Any CPU
		{E9DF2A6C-546B-4CA1-89FD-A1C2EBEF30BF}.Release|Any CPU.ActiveCfg = Release|Any CPU
		{E9DF2A6C-546B-4CA1-89FD-A1C2EBEF30BF}.Release|Any CPU.Build.0 = Release|Any CPU
		{E9DF2A6C-546B-4CA1-89FD-A1C2EBEF30BF}.Release|Any CPU.Deploy.0 = Release|Any CPU
		{E9DF2A6C-546B-4CA1-89FD-A1C2EBEF30BF}.Release|iPhone.ActiveCfg = Release|Any CPU
		{E9DF2A6C-546B-4CA1-89FD-A1C2EBEF30BF}.Release|iPhone.Build.0 = Release|Any CPU
		{E9DF2A6C-546B-4CA1-89FD-A1C2EBEF30BF}.Release|iPhone.Deploy.0 = Release|Any CPU
		{E9DF2A6C-546B-4CA1-89FD-A1C2EBEF30BF}.Release|iPhoneSimulator.ActiveCfg = Release|Any CPU
		{E9DF2A6C-546B-4CA1-89FD-A1C2EBEF30BF}.Release|iPhoneSimulator.Build.0 = Release|Any CPU
		{E9DF2A6C-546B-4CA1-89FD-A1C2EBEF30BF}.Release|iPhoneSimulator.Deploy.0 = Release|Any CPU
		{E9DF2A6C-546B-4CA1-89FD-A1C2EBEF30BF}.Release|x64.ActiveCfg = Release|Any CPU
		{E9DF2A6C-546B-4CA1-89FD-A1C2EBEF30BF}.Release|x64.Build.0 = Release|Any CPU
		{E9DF2A6C-546B-4CA1-89FD-A1C2EBEF30BF}.Release|x64.Deploy.0 = Release|Any CPU
		{E9DF2A6C-546B-4CA1-89FD-A1C2EBEF30BF}.Release|x86.ActiveCfg = Release|Any CPU
		{E9DF2A6C-546B-4CA1-89FD-A1C2EBEF30BF}.Release|x86.Build.0 = Release|Any CPU
		{E9DF2A6C-546B-4CA1-89FD-A1C2EBEF30BF}.Release|x86.Deploy.0 = Release|Any CPU
		{213CA932-055F-4FBF-82A1-34F7A0E3A786}.Debug|Any CPU.ActiveCfg = Debug|iPhoneSimulator
		{213CA932-055F-4FBF-82A1-34F7A0E3A786}.Debug|iPhone.ActiveCfg = Debug|iPhone
		{213CA932-055F-4FBF-82A1-34F7A0E3A786}.Debug|iPhone.Build.0 = Debug|iPhone
		{213CA932-055F-4FBF-82A1-34F7A0E3A786}.Debug|iPhoneSimulator.ActiveCfg = Debug|iPhoneSimulator
		{213CA932-055F-4FBF-82A1-34F7A0E3A786}.Debug|iPhoneSimulator.Build.0 = Debug|iPhoneSimulator
		{213CA932-055F-4FBF-82A1-34F7A0E3A786}.Debug|x64.ActiveCfg = Debug|iPhoneSimulator
		{213CA932-055F-4FBF-82A1-34F7A0E3A786}.Debug|x86.ActiveCfg = Debug|iPhoneSimulator
		{213CA932-055F-4FBF-82A1-34F7A0E3A786}.Release|Any CPU.ActiveCfg = Release|iPhoneSimulator
		{213CA932-055F-4FBF-82A1-34F7A0E3A786}.Release|iPhone.ActiveCfg = Release|iPhone
		{213CA932-055F-4FBF-82A1-34F7A0E3A786}.Release|iPhone.Build.0 = Release|iPhone
		{213CA932-055F-4FBF-82A1-34F7A0E3A786}.Release|iPhoneSimulator.ActiveCfg = Release|iPhoneSimulator
		{213CA932-055F-4FBF-82A1-34F7A0E3A786}.Release|iPhoneSimulator.Build.0 = Release|iPhoneSimulator
		{213CA932-055F-4FBF-82A1-34F7A0E3A786}.Release|x64.ActiveCfg = Release|iPhoneSimulator
		{213CA932-055F-4FBF-82A1-34F7A0E3A786}.Release|x86.ActiveCfg = Release|iPhoneSimulator
		{A6E98A14-2BE8-434D-8EA0-CB49183B1DC0}.Debug|Any CPU.ActiveCfg = Debug|Any CPU
		{A6E98A14-2BE8-434D-8EA0-CB49183B1DC0}.Debug|Any CPU.Build.0 = Debug|Any CPU
		{A6E98A14-2BE8-434D-8EA0-CB49183B1DC0}.Debug|iPhone.ActiveCfg = Debug|Any CPU
		{A6E98A14-2BE8-434D-8EA0-CB49183B1DC0}.Debug|iPhone.Build.0 = Debug|Any CPU
		{A6E98A14-2BE8-434D-8EA0-CB49183B1DC0}.Debug|iPhoneSimulator.ActiveCfg = Debug|Any CPU
		{A6E98A14-2BE8-434D-8EA0-CB49183B1DC0}.Debug|iPhoneSimulator.Build.0 = Debug|Any CPU
		{A6E98A14-2BE8-434D-8EA0-CB49183B1DC0}.Debug|x64.ActiveCfg = Debug|Any CPU
		{A6E98A14-2BE8-434D-8EA0-CB49183B1DC0}.Debug|x64.Build.0 = Debug|Any CPU
		{A6E98A14-2BE8-434D-8EA0-CB49183B1DC0}.Debug|x86.ActiveCfg = Debug|Any CPU
		{A6E98A14-2BE8-434D-8EA0-CB49183B1DC0}.Debug|x86.Build.0 = Debug|Any CPU
		{A6E98A14-2BE8-434D-8EA0-CB49183B1DC0}.Release|Any CPU.ActiveCfg = Release|Any CPU
		{A6E98A14-2BE8-434D-8EA0-CB49183B1DC0}.Release|Any CPU.Build.0 = Release|Any CPU
		{A6E98A14-2BE8-434D-8EA0-CB49183B1DC0}.Release|iPhone.ActiveCfg = Release|Any CPU
		{A6E98A14-2BE8-434D-8EA0-CB49183B1DC0}.Release|iPhone.Build.0 = Release|Any CPU
		{A6E98A14-2BE8-434D-8EA0-CB49183B1DC0}.Release|iPhoneSimulator.ActiveCfg = Release|Any CPU
		{A6E98A14-2BE8-434D-8EA0-CB49183B1DC0}.Release|iPhoneSimulator.Build.0 = Release|Any CPU
		{A6E98A14-2BE8-434D-8EA0-CB49183B1DC0}.Release|x64.ActiveCfg = Release|Any CPU
		{A6E98A14-2BE8-434D-8EA0-CB49183B1DC0}.Release|x64.Build.0 = Release|Any CPU
		{A6E98A14-2BE8-434D-8EA0-CB49183B1DC0}.Release|x86.ActiveCfg = Release|Any CPU
		{A6E98A14-2BE8-434D-8EA0-CB49183B1DC0}.Release|x86.Build.0 = Release|Any CPU
	EndGlobalSection
	GlobalSection(SolutionProperties) = preSolution
		HideSolutionNode = FALSE
	EndGlobalSection
	GlobalSection(ExtensibilityGlobals) = postSolution
		SolutionGuid = {9B200A12-6B88-47CC-939C-B71ED8791AB8}
	EndGlobalSection
EndGlobal
